
Microsoft Visual Studio Solution File, Format Version 12.00
# Visual Studio 14
VisualStudioVersion = 14.0.25420.1
MinimumVisualStudioVersion = 10.0.40219.1
Project("{FAE04EC0-301F-11D3-BF4B-00C04F79EFBC}") = "ITI.Survey.Web.UI", "ITI.Survey.Web.UI\ITI.Survey.Web.UI.csproj", "{F557F0D4-24FE-4B7D-A9DB-CBC28589CCDF}"
EndProject
Project("{FAE04EC0-301F-11D3-BF4B-00C04F79EFBC}") = "ITI.Survey.Web.WebService", "ITI.Survey.Web.WebService\ITI.Survey.Web.WebService.csproj", "{6D4B51E3-A805-45BF-9358-02C22ABF8013}"
EndProject
Project("{FAE04EC0-301F-11D3-BF4B-00C04F79EFBC}") = "ITI.Survey.Web.Dll", "ITI.Survey.Web.Dll\ITI.Survey.Web.Dll.csproj", "{DE54A771-A08D-4660-890F-B7348B22202D}"
EndProject
Global
	GlobalSection(SolutionConfigurationPlatforms) = preSolution
		Debug|Any CPU = Debug|Any CPU
		Release|Any CPU = Release|Any CPU
	EndGlobalSection
	GlobalSection(ProjectConfigurationPlatforms) = postSolution
		{F557F0D4-24FE-4B7D-A9DB-CBC28589CCDF}.Debug|Any CPU.ActiveCfg = Debug|Any CPU
		{F557F0D4-24FE-4B7D-A9DB-CBC28589CCDF}.Debug|Any CPU.Build.0 = Debug|Any CPU
		{F557F0D4-24FE-4B7D-A9DB-CBC28589CCDF}.Release|Any CPU.ActiveCfg = Release|Any CPU
		{F557F0D4-24FE-4B7D-A9DB-CBC28589CCDF}.Release|Any CPU.Build.0 = Release|Any CPU
		{6D4B51E3-A805-45BF-9358-02C22ABF8013}.Debug|Any CPU.ActiveCfg = Debug|Any CPU
		{6D4B51E3-A805-45BF-9358-02C22ABF8013}.Debug|Any CPU.Build.0 = Debug|Any CPU
		{6D4B51E3-A805-45BF-9358-02C22ABF8013}.Release|Any CPU.ActiveCfg = Release|Any CPU
		{6D4B51E3-A805-45BF-9358-02C22ABF8013}.Release|Any CPU.Build.0 = Release|Any CPU
		{DE54A771-A08D-4660-890F-B7348B22202D}.Debug|Any CPU.ActiveCfg = Debug|Any CPU
		{DE54A771-A08D-4660-890F-B7348B22202D}.Debug|Any CPU.Build.0 = Debug|Any CPU
		{DE54A771-A08D-4660-890F-B7348B22202D}.Release|Any CPU.ActiveCfg = Release|Any CPU
		{DE54A771-A08D-4660-890F-B7348B22202D}.Release|Any CPU.Build.0 = Release|Any CPU
	EndGlobalSection
	GlobalSection(SolutionProperties) = preSolution
		HideSolutionNode = FALSE
	EndGlobalSection
EndGlobal
